
Microsoft Visual Studio Solution File, Format Version 12.00
# Visual Studio 15
Project("{FAE04EC0-301F-11D3-BF4B-00C04F79EFBC}") = "UnitySlangShader", "UnitySlangShader.csproj", "{F72AD8EA-A9C5-C838-1F4F-F8E72712AE8C}"
EndProject
Global
	GlobalSection(SolutionConfigurationPlatforms) = preSolution
		Debug|Any CPU = Debug|Any CPU
		Release|Any CPU = Release|Any CPU
	EndGlobalSection
	GlobalSection(ProjectConfigurationPlatforms) = postSolution
		{F72AD8EA-A9C5-C838-1F4F-F8E72712AE8C}.Debug|Any CPU.ActiveCfg = Debug|Any CPU
		{F72AD8EA-A9C5-C838-1F4F-F8E72712AE8C}.Debug|Any CPU.Build.0 = Debug|Any CPU
		{F72AD8EA-A9C5-C838-1F4F-F8E72712AE8C}.Release|Any CPU.ActiveCfg = Release|Any CPU
		{F72AD8EA-A9C5-C838-1F4F-F8E72712AE8C}.Release|Any CPU.Build.0 = Release|Any CPU
	EndGlobalSection
	GlobalSection(SolutionProperties) = preSolution
		HideSolutionNode = FALSE
	EndGlobalSection
EndGlobal
